// !$*UTF8*$!
{
	archiveVersion = 1;
	classes = {
	};
	objectVersion = 55;
	objects = {

/* Begin PBXBuildFile section */
		0EF11F53F3E8465708786DCB /* Pods_MovieApp.framework in Frameworks */ = {isa = PBXBuildFile; fileRef = AD404C3B0C51A21C74AE0118 /* Pods_MovieApp.framework */; };
		AE07E69B27C9B4C80041A237 /* LoginMain.swift in Sources */ = {isa = PBXBuildFile; fileRef = AE07E69A27C9B4C80041A237 /* LoginMain.swift */; };
		AE07E69D27C9B4DE0041A237 /* LoginViewUI.swift in Sources */ = {isa = PBXBuildFile; fileRef = AE07E69C27C9B4DE0041A237 /* LoginViewUI.swift */; };
		AE07E69F27C9B4F40041A237 /* LoginPresenter.swift in Sources */ = {isa = PBXBuildFile; fileRef = AE07E69E27C9B4F40041A237 /* LoginPresenter.swift */; };
		AE07E6A127C9B50C0041A237 /* LoginInteractor.swift in Sources */ = {isa = PBXBuildFile; fileRef = AE07E6A027C9B50C0041A237 /* LoginInteractor.swift */; };
		AE07E6A327C9B5170041A237 /* LoginRouter.swift in Sources */ = {isa = PBXBuildFile; fileRef = AE07E6A227C9B5170041A237 /* LoginRouter.swift */; };
		AE07E6A527C9B5250041A237 /* LoginProtocol.swift in Sources */ = {isa = PBXBuildFile; fileRef = AE07E6A427C9B5250041A237 /* LoginProtocol.swift */; };
		AE07E6A827C9CA880041A237 /* Bundle+Extension.swift in Sources */ = {isa = PBXBuildFile; fileRef = AE07E6A727C9CA880041A237 /* Bundle+Extension.swift */; };
		AE180CA827CBDCF400D345AF /* NetworkError.swift in Sources */ = {isa = PBXBuildFile; fileRef = AE180CA727CBDCF400D345AF /* NetworkError.swift */; };
		AE180CAA27CBDEEE00D345AF /* URL+Extension.swift in Sources */ = {isa = PBXBuildFile; fileRef = AE180CA927CBDEEE00D345AF /* URL+Extension.swift */; };
		AE180CAC27CBE3C100D345AF /* RequestType.swift in Sources */ = {isa = PBXBuildFile; fileRef = AE180CAB27CBE3C100D345AF /* RequestType.swift */; };
		AE180CAE27CBEB1400D345AF /* Serializer.swift in Sources */ = {isa = PBXBuildFile; fileRef = AE180CAD27CBEB1400D345AF /* Serializer.swift */; };
		AE180CB027CBEC7400D345AF /* Deserializer.swift in Sources */ = {isa = PBXBuildFile; fileRef = AE180CAF27CBEC7400D345AF /* Deserializer.swift */; };
		AE180CB327CBFEEC00D345AF /* MoviesListResponse.swift in Sources */ = {isa = PBXBuildFile; fileRef = AE180CB227CBFEEC00D345AF /* MoviesListResponse.swift */; };
		AE180CB527CC01C600D345AF /* MoviesListWebService.swift in Sources */ = {isa = PBXBuildFile; fileRef = AE180CB427CC01C600D345AF /* MoviesListWebService.swift */; };
		AE180CB827CC0A3C00D345AF /* MoviesListMain.swift in Sources */ = {isa = PBXBuildFile; fileRef = AE180CB727CC0A3C00D345AF /* MoviesListMain.swift */; };
		AE180CBA27CC0AA500D345AF /* MoviesListView.swift in Sources */ = {isa = PBXBuildFile; fileRef = AE180CB927CC0AA500D345AF /* MoviesListView.swift */; };
		AE180CBC27CC0AB700D345AF /* MoviesListViewUI.swift in Sources */ = {isa = PBXBuildFile; fileRef = AE180CBB27CC0AB700D345AF /* MoviesListViewUI.swift */; };
		AE180CBE27CC0ACD00D345AF /* MoviesListProtocol.swift in Sources */ = {isa = PBXBuildFile; fileRef = AE180CBD27CC0ACD00D345AF /* MoviesListProtocol.swift */; };
		AE180CC027CC0D1B00D345AF /* HomePager.swift in Sources */ = {isa = PBXBuildFile; fileRef = AE180CBF27CC0D1B00D345AF /* HomePager.swift */; };
		AE180CC227CC1D4E00D345AF /* UIImage+Extension.swift in Sources */ = {isa = PBXBuildFile; fileRef = AE180CC127CC1D4E00D345AF /* UIImage+Extension.swift */; };
		AE180CC427CC260F00D345AF /* Movie.swift in Sources */ = {isa = PBXBuildFile; fileRef = AE180CC327CC260F00D345AF /* Movie.swift */; };
		AE180CC727CC313600D345AF /* MovieDetailResponse.swift in Sources */ = {isa = PBXBuildFile; fileRef = AE180CC627CC313600D345AF /* MovieDetailResponse.swift */; };
		AE180CC927CC337E00D345AF /* MovieDetailWebService.swift in Sources */ = {isa = PBXBuildFile; fileRef = AE180CC827CC337E00D345AF /* MovieDetailWebService.swift */; };
		AE180CCB27CC364E00D345AF /* MovieDetail.swift in Sources */ = {isa = PBXBuildFile; fileRef = AE180CCA27CC364E00D345AF /* MovieDetail.swift */; };
		AE180CCD27CC532500D345AF /* VideoResponse.swift in Sources */ = {isa = PBXBuildFile; fileRef = AE180CCC27CC532500D345AF /* VideoResponse.swift */; };
		AE180CD027CC55CC00D345AF /* VideoWebService.swift in Sources */ = {isa = PBXBuildFile; fileRef = AE180CCF27CC55CC00D345AF /* VideoWebService.swift */; };
		AE1A210F27C9942500E91E74 /* AppDelegate.swift in Sources */ = {isa = PBXBuildFile; fileRef = AE1A210E27C9942500E91E74 /* AppDelegate.swift */; };
		AE1A211827C9942700E91E74 /* Assets.xcassets in Resources */ = {isa = PBXBuildFile; fileRef = AE1A211727C9942700E91E74 /* Assets.xcassets */; };
		AE1A211B27C9942700E91E74 /* LaunchScreen.storyboard in Resources */ = {isa = PBXBuildFile; fileRef = AE1A211927C9942700E91E74 /* LaunchScreen.storyboard */; };
		AE1A212627C994FD00E91E74 /* LoginView.swift in Sources */ = {isa = PBXBuildFile; fileRef = AE1A212527C994FD00E91E74 /* LoginView.swift */; };
		AE1A212927C996E300E91E74 /* ColorManager.swift in Sources */ = {isa = PBXBuildFile; fileRef = AE1A212827C996E300E91E74 /* ColorManager.swift */; };
		AE1A212C27C9986D00E91E74 /* UIView+Extension.swift in Sources */ = {isa = PBXBuildFile; fileRef = AE1A212B27C9986D00E91E74 /* UIView+Extension.swift */; };
		AE48B5F027CB44B90029AB12 /* GoogleService-Info.plist in Resources */ = {isa = PBXBuildFile; fileRef = AE48B5EF27CB44B90029AB12 /* GoogleService-Info.plist */; };
		AE48B5F227CB50C50029AB12 /* LoaderView.swift in Sources */ = {isa = PBXBuildFile; fileRef = AE48B5F127CB50C50029AB12 /* LoaderView.swift */; };
		AE49860D27C9E6E600B4FBC6 /* HomeMain.swift in Sources */ = {isa = PBXBuildFile; fileRef = AE49860C27C9E6E600B4FBC6 /* HomeMain.swift */; };
		AE49860F27C9E71900B4FBC6 /* HomeView.swift in Sources */ = {isa = PBXBuildFile; fileRef = AE49860E27C9E71900B4FBC6 /* HomeView.swift */; };
		AE49861127C9E72900B4FBC6 /* HomeViewUI.swift in Sources */ = {isa = PBXBuildFile; fileRef = AE49861027C9E72900B4FBC6 /* HomeViewUI.swift */; };
		AE49861327C9E73700B4FBC6 /* MoviesListPresenter.swift in Sources */ = {isa = PBXBuildFile; fileRef = AE49861227C9E73700B4FBC6 /* MoviesListPresenter.swift */; };
		AE49861527C9E75600B4FBC6 /* MoviesListInteractor.swift in Sources */ = {isa = PBXBuildFile; fileRef = AE49861427C9E75600B4FBC6 /* MoviesListInteractor.swift */; };
		AE49861727C9E76A00B4FBC6 /* MoviesListRouter.swift in Sources */ = {isa = PBXBuildFile; fileRef = AE49861627C9E76A00B4FBC6 /* MoviesListRouter.swift */; };
		AE49861927C9E78900B4FBC6 /* HomeProtocol.swift in Sources */ = {isa = PBXBuildFile; fileRef = AE49861827C9E78800B4FBC6 /* HomeProtocol.swift */; };
		AE49861E27C9ECCF00B4FBC6 /* NavigationView.swift in Sources */ = {isa = PBXBuildFile; fileRef = AE49861D27C9ECCF00B4FBC6 /* NavigationView.swift */; };
		AE75BF7727CA6679005E7297 /* TabView.swift in Sources */ = {isa = PBXBuildFile; fileRef = AE75BF7627CA6679005E7297 /* TabView.swift */; };
		AE75BF7927CA77A8005E7297 /* MovieViewCell.swift in Sources */ = {isa = PBXBuildFile; fileRef = AE75BF7827CA77A8005E7297 /* MovieViewCell.swift */; };
		AE75BF7F27CABCE3005E7297 /* SideMenuMain.swift in Sources */ = {isa = PBXBuildFile; fileRef = AE75BF7E27CABCE3005E7297 /* SideMenuMain.swift */; };
		AE75BF8127CABD04005E7297 /* SideMenuView.swift in Sources */ = {isa = PBXBuildFile; fileRef = AE75BF8027CABD04005E7297 /* SideMenuView.swift */; };
		AE75BF8327CABD1D005E7297 /* SideMenuViewUI.swift in Sources */ = {isa = PBXBuildFile; fileRef = AE75BF8227CABD1D005E7297 /* SideMenuViewUI.swift */; };
		AE75BF8527CABD2A005E7297 /* SideMenuPresenter.swift in Sources */ = {isa = PBXBuildFile; fileRef = AE75BF8427CABD2A005E7297 /* SideMenuPresenter.swift */; };
		AE75BF8727CABD3F005E7297 /* SideMenuInteractor.swift in Sources */ = {isa = PBXBuildFile; fileRef = AE75BF8627CABD3F005E7297 /* SideMenuInteractor.swift */; };
		AE75BF8927CABD56005E7297 /* SideMenuRouter.swift in Sources */ = {isa = PBXBuildFile; fileRef = AE75BF8827CABD56005E7297 /* SideMenuRouter.swift */; };
		AE75BF8B27CABD79005E7297 /* SideMenuProtocol.swift in Sources */ = {isa = PBXBuildFile; fileRef = AE75BF8A27CABD79005E7297 /* SideMenuProtocol.swift */; };
		AE75BF8E27CAD047005E7297 /* OptionMenuViewCell.swift in Sources */ = {isa = PBXBuildFile; fileRef = AE75BF8D27CAD047005E7297 /* OptionMenuViewCell.swift */; };
		AE75BF9127CB150C005E7297 /* ProfileMain.swift in Sources */ = {isa = PBXBuildFile; fileRef = AE75BF9027CB150C005E7297 /* ProfileMain.swift */; };
		AE75BF9327CB152A005E7297 /* ProfileView.swift in Sources */ = {isa = PBXBuildFile; fileRef = AE75BF9227CB152A005E7297 /* ProfileView.swift */; };
		AE75BF9527CB1544005E7297 /* ProfileViewUI.swift in Sources */ = {isa = PBXBuildFile; fileRef = AE75BF9427CB1544005E7297 /* ProfileViewUI.swift */; };
		AE75BF9727CB1554005E7297 /* ProfilePresenter.swift in Sources */ = {isa = PBXBuildFile; fileRef = AE75BF9627CB1554005E7297 /* ProfilePresenter.swift */; };
		AE75BF9927CB1566005E7297 /* ProfileInteractor.swift in Sources */ = {isa = PBXBuildFile; fileRef = AE75BF9827CB1566005E7297 /* ProfileInteractor.swift */; };
		AE75BF9B27CB1577005E7297 /* ProfileRouter.swift in Sources */ = {isa = PBXBuildFile; fileRef = AE75BF9A27CB1577005E7297 /* ProfileRouter.swift */; };
		AE75BF9D27CB158E005E7297 /* ProfileProtocol.swift in Sources */ = {isa = PBXBuildFile; fileRef = AE75BF9C27CB158E005E7297 /* ProfileProtocol.swift */; };
		AE75BFA027CB17FD005E7297 /* MovieDetailMain.swift in Sources */ = {isa = PBXBuildFile; fileRef = AE75BF9F27CB17FD005E7297 /* MovieDetailMain.swift */; };
		AE75BFA227CB181B005E7297 /* MovieDetailView.swift in Sources */ = {isa = PBXBuildFile; fileRef = AE75BFA127CB181B005E7297 /* MovieDetailView.swift */; };
		AE75BFA427CB182A005E7297 /* MovieDetailViewUI.swift in Sources */ = {isa = PBXBuildFile; fileRef = AE75BFA327CB182A005E7297 /* MovieDetailViewUI.swift */; };
		AE75BFA627CB184F005E7297 /* MovieDetailPresenter.swift in Sources */ = {isa = PBXBuildFile; fileRef = AE75BFA527CB184F005E7297 /* MovieDetailPresenter.swift */; };
		AE75BFA827CB1866005E7297 /* MovieDetailInteractor.swift in Sources */ = {isa = PBXBuildFile; fileRef = AE75BFA727CB1866005E7297 /* MovieDetailInteractor.swift */; };
		AE75BFAA27CB1879005E7297 /* MovieDetailRouter.swift in Sources */ = {isa = PBXBuildFile; fileRef = AE75BFA927CB1879005E7297 /* MovieDetailRouter.swift */; };
		AE75BFAC27CB189B005E7297 /* MovieDetailProtocol.swift in Sources */ = {isa = PBXBuildFile; fileRef = AE75BFAB27CB189B005E7297 /* MovieDetailProtocol.swift */; };
		AE791E3427CBC10F00CA4946 /* ServiceManager.swift in Sources */ = {isa = PBXBuildFile; fileRef = AE791E3327CBC10F00CA4946 /* ServiceManager.swift */; };
/* End PBXBuildFile section */

/* Begin PBXFileReference section */
		5C1BFECC6FE015834E5D6F15 /* Pods-MovieApp.release.xcconfig */ = {isa = PBXFileReference; includeInIndex = 1; lastKnownFileType = text.xcconfig; name = "Pods-MovieApp.release.xcconfig"; path = "Target Support Files/Pods-MovieApp/Pods-MovieApp.release.xcconfig"; sourceTree = "<group>"; };
		A8E65793B830B6C39AB41192 /* Pods-MovieApp.debug.xcconfig */ = {isa = PBXFileReference; includeInIndex = 1; lastKnownFileType = text.xcconfig; name = "Pods-MovieApp.debug.xcconfig"; path = "Target Support Files/Pods-MovieApp/Pods-MovieApp.debug.xcconfig"; sourceTree = "<group>"; };
		AD404C3B0C51A21C74AE0118 /* Pods_MovieApp.framework */ = {isa = PBXFileReference; explicitFileType = wrapper.framework; includeInIndex = 0; path = Pods_MovieApp.framework; sourceTree = BUILT_PRODUCTS_DIR; };
		AE07E69A27C9B4C80041A237 /* LoginMain.swift */ = {isa = PBXFileReference; lastKnownFileType = sourcecode.swift; path = LoginMain.swift; sourceTree = "<group>"; };
		AE07E69C27C9B4DE0041A237 /* LoginViewUI.swift */ = {isa = PBXFileReference; lastKnownFileType = sourcecode.swift; path = LoginViewUI.swift; sourceTree = "<group>"; };
		AE07E69E27C9B4F40041A237 /* LoginPresenter.swift */ = {isa = PBXFileReference; lastKnownFileType = sourcecode.swift; path = LoginPresenter.swift; sourceTree = "<group>"; };
		AE07E6A027C9B50C0041A237 /* LoginInteractor.swift */ = {isa = PBXFileReference; lastKnownFileType = sourcecode.swift; path = LoginInteractor.swift; sourceTree = "<group>"; };
		AE07E6A227C9B5170041A237 /* LoginRouter.swift */ = {isa = PBXFileReference; lastKnownFileType = sourcecode.swift; path = LoginRouter.swift; sourceTree = "<group>"; };
		AE07E6A427C9B5250041A237 /* LoginProtocol.swift */ = {isa = PBXFileReference; lastKnownFileType = sourcecode.swift; path = LoginProtocol.swift; sourceTree = "<group>"; };
		AE07E6A727C9CA880041A237 /* Bundle+Extension.swift */ = {isa = PBXFileReference; lastKnownFileType = sourcecode.swift; path = "Bundle+Extension.swift"; sourceTree = "<group>"; };
		AE180CA727CBDCF400D345AF /* NetworkError.swift */ = {isa = PBXFileReference; lastKnownFileType = sourcecode.swift; path = NetworkError.swift; sourceTree = "<group>"; };
		AE180CA927CBDEEE00D345AF /* URL+Extension.swift */ = {isa = PBXFileReference; lastKnownFileType = sourcecode.swift; path = "URL+Extension.swift"; sourceTree = "<group>"; };
		AE180CAB27CBE3C100D345AF /* RequestType.swift */ = {isa = PBXFileReference; lastKnownFileType = sourcecode.swift; path = RequestType.swift; sourceTree = "<group>"; };
		AE180CAD27CBEB1400D345AF /* Serializer.swift */ = {isa = PBXFileReference; lastKnownFileType = sourcecode.swift; path = Serializer.swift; sourceTree = "<group>"; };
		AE180CAF27CBEC7400D345AF /* Deserializer.swift */ = {isa = PBXFileReference; lastKnownFileType = sourcecode.swift; path = Deserializer.swift; sourceTree = "<group>"; };
		AE180CB227CBFEEC00D345AF /* MoviesListResponse.swift */ = {isa = PBXFileReference; lastKnownFileType = sourcecode.swift; path = MoviesListResponse.swift; sourceTree = "<group>"; };
		AE180CB427CC01C600D345AF /* MoviesListWebService.swift */ = {isa = PBXFileReference; lastKnownFileType = sourcecode.swift; path = MoviesListWebService.swift; sourceTree = "<group>"; };
		AE180CB727CC0A3C00D345AF /* MoviesListMain.swift */ = {isa = PBXFileReference; lastKnownFileType = sourcecode.swift; path = MoviesListMain.swift; sourceTree = "<group>"; };
		AE180CB927CC0AA500D345AF /* MoviesListView.swift */ = {isa = PBXFileReference; lastKnownFileType = sourcecode.swift; path = MoviesListView.swift; sourceTree = "<group>"; };
		AE180CBB27CC0AB700D345AF /* MoviesListViewUI.swift */ = {isa = PBXFileReference; lastKnownFileType = sourcecode.swift; path = MoviesListViewUI.swift; sourceTree = "<group>"; };
		AE180CBD27CC0ACD00D345AF /* MoviesListProtocol.swift */ = {isa = PBXFileReference; lastKnownFileType = sourcecode.swift; path = MoviesListProtocol.swift; sourceTree = "<group>"; };
		AE180CBF27CC0D1B00D345AF /* HomePager.swift */ = {isa = PBXFileReference; lastKnownFileType = sourcecode.swift; path = HomePager.swift; sourceTree = "<group>"; };
		AE180CC127CC1D4E00D345AF /* UIImage+Extension.swift */ = {isa = PBXFileReference; lastKnownFileType = sourcecode.swift; path = "UIImage+Extension.swift"; sourceTree = "<group>"; };
		AE180CC327CC260F00D345AF /* Movie.swift */ = {isa = PBXFileReference; lastKnownFileType = sourcecode.swift; path = Movie.swift; sourceTree = "<group>"; };
		AE180CC627CC313600D345AF /* MovieDetailResponse.swift */ = {isa = PBXFileReference; lastKnownFileType = sourcecode.swift; path = MovieDetailResponse.swift; sourceTree = "<group>"; };
		AE180CC827CC337E00D345AF /* MovieDetailWebService.swift */ = {isa = PBXFileReference; lastKnownFileType = sourcecode.swift; path = MovieDetailWebService.swift; sourceTree = "<group>"; };
		AE180CCA27CC364E00D345AF /* MovieDetail.swift */ = {isa = PBXFileReference; lastKnownFileType = sourcecode.swift; path = MovieDetail.swift; sourceTree = "<group>"; };
		AE180CCC27CC532500D345AF /* VideoResponse.swift */ = {isa = PBXFileReference; lastKnownFileType = sourcecode.swift; path = VideoResponse.swift; sourceTree = "<group>"; };
		AE180CCF27CC55CC00D345AF /* VideoWebService.swift */ = {isa = PBXFileReference; lastKnownFileType = sourcecode.swift; path = VideoWebService.swift; sourceTree = "<group>"; };
		AE1A210B27C9942500E91E74 /* MovieApp.app */ = {isa = PBXFileReference; explicitFileType = wrapper.application; includeInIndex = 0; path = MovieApp.app; sourceTree = BUILT_PRODUCTS_DIR; };
		AE1A210E27C9942500E91E74 /* AppDelegate.swift */ = {isa = PBXFileReference; lastKnownFileType = sourcecode.swift; path = AppDelegate.swift; sourceTree = "<group>"; };
		AE1A211727C9942700E91E74 /* Assets.xcassets */ = {isa = PBXFileReference; lastKnownFileType = folder.assetcatalog; path = Assets.xcassets; sourceTree = "<group>"; };
		AE1A211A27C9942700E91E74 /* Base */ = {isa = PBXFileReference; lastKnownFileType = file.storyboard; name = Base; path = Base.lproj/LaunchScreen.storyboard; sourceTree = "<group>"; };
		AE1A211C27C9942700E91E74 /* Info.plist */ = {isa = PBXFileReference; lastKnownFileType = text.plist.xml; path = Info.plist; sourceTree = "<group>"; };
		AE1A212527C994FD00E91E74 /* LoginView.swift */ = {isa = PBXFileReference; lastKnownFileType = sourcecode.swift; path = LoginView.swift; sourceTree = "<group>"; };
		AE1A212827C996E300E91E74 /* ColorManager.swift */ = {isa = PBXFileReference; lastKnownFileType = sourcecode.swift; path = ColorManager.swift; sourceTree = "<group>"; };
		AE1A212B27C9986D00E91E74 /* UIView+Extension.swift */ = {isa = PBXFileReference; lastKnownFileType = sourcecode.swift; path = "UIView+Extension.swift"; sourceTree = "<group>"; };
		AE48B5EF27CB44B90029AB12 /* GoogleService-Info.plist */ = {isa = PBXFileReference; fileEncoding = 4; lastKnownFileType = text.plist.xml; path = "GoogleService-Info.plist"; sourceTree = "<group>"; };
		AE48B5F127CB50C50029AB12 /* LoaderView.swift */ = {isa = PBXFileReference; lastKnownFileType = sourcecode.swift; path = LoaderView.swift; sourceTree = "<group>"; };
		AE49860C27C9E6E600B4FBC6 /* HomeMain.swift */ = {isa = PBXFileReference; lastKnownFileType = sourcecode.swift; path = HomeMain.swift; sourceTree = "<group>"; };
		AE49860E27C9E71900B4FBC6 /* HomeView.swift */ = {isa = PBXFileReference; lastKnownFileType = sourcecode.swift; path = HomeView.swift; sourceTree = "<group>"; };
		AE49861027C9E72900B4FBC6 /* HomeViewUI.swift */ = {isa = PBXFileReference; lastKnownFileType = sourcecode.swift; path = HomeViewUI.swift; sourceTree = "<group>"; };
		AE49861227C9E73700B4FBC6 /* MoviesListPresenter.swift */ = {isa = PBXFileReference; lastKnownFileType = sourcecode.swift; path = MoviesListPresenter.swift; sourceTree = "<group>"; };
		AE49861427C9E75600B4FBC6 /* MoviesListInteractor.swift */ = {isa = PBXFileReference; lastKnownFileType = sourcecode.swift; path = MoviesListInteractor.swift; sourceTree = "<group>"; };
		AE49861627C9E76A00B4FBC6 /* MoviesListRouter.swift */ = {isa = PBXFileReference; lastKnownFileType = sourcecode.swift; path = MoviesListRouter.swift; sourceTree = "<group>"; };
		AE49861827C9E78800B4FBC6 /* HomeProtocol.swift */ = {isa = PBXFileReference; lastKnownFileType = sourcecode.swift; path = HomeProtocol.swift; sourceTree = "<group>"; };
		AE49861D27C9ECCF00B4FBC6 /* NavigationView.swift */ = {isa = PBXFileReference; lastKnownFileType = sourcecode.swift; path = NavigationView.swift; sourceTree = "<group>"; };
		AE75BF7627CA6679005E7297 /* TabView.swift */ = {isa = PBXFileReference; lastKnownFileType = sourcecode.swift; path = TabView.swift; sourceTree = "<group>"; };
		AE75BF7827CA77A8005E7297 /* MovieViewCell.swift */ = {isa = PBXFileReference; lastKnownFileType = sourcecode.swift; path = MovieViewCell.swift; sourceTree = "<group>"; };
		AE75BF7E27CABCE3005E7297 /* SideMenuMain.swift */ = {isa = PBXFileReference; lastKnownFileType = sourcecode.swift; path = SideMenuMain.swift; sourceTree = "<group>"; };
		AE75BF8027CABD04005E7297 /* SideMenuView.swift */ = {isa = PBXFileReference; lastKnownFileType = sourcecode.swift; path = SideMenuView.swift; sourceTree = "<group>"; };
		AE75BF8227CABD1D005E7297 /* SideMenuViewUI.swift */ = {isa = PBXFileReference; lastKnownFileType = sourcecode.swift; path = SideMenuViewUI.swift; sourceTree = "<group>"; };
		AE75BF8427CABD2A005E7297 /* SideMenuPresenter.swift */ = {isa = PBXFileReference; lastKnownFileType = sourcecode.swift; path = SideMenuPresenter.swift; sourceTree = "<group>"; };
		AE75BF8627CABD3F005E7297 /* SideMenuInteractor.swift */ = {isa = PBXFileReference; lastKnownFileType = sourcecode.swift; path = SideMenuInteractor.swift; sourceTree = "<group>"; };
		AE75BF8827CABD56005E7297 /* SideMenuRouter.swift */ = {isa = PBXFileReference; lastKnownFileType = sourcecode.swift; path = SideMenuRouter.swift; sourceTree = "<group>"; };
		AE75BF8A27CABD79005E7297 /* SideMenuProtocol.swift */ = {isa = PBXFileReference; lastKnownFileType = sourcecode.swift; path = SideMenuProtocol.swift; sourceTree = "<group>"; };
		AE75BF8D27CAD047005E7297 /* OptionMenuViewCell.swift */ = {isa = PBXFileReference; lastKnownFileType = sourcecode.swift; path = OptionMenuViewCell.swift; sourceTree = "<group>"; };
		AE75BF9027CB150C005E7297 /* ProfileMain.swift */ = {isa = PBXFileReference; lastKnownFileType = sourcecode.swift; path = ProfileMain.swift; sourceTree = "<group>"; };
		AE75BF9227CB152A005E7297 /* ProfileView.swift */ = {isa = PBXFileReference; lastKnownFileType = sourcecode.swift; path = ProfileView.swift; sourceTree = "<group>"; };
		AE75BF9427CB1544005E7297 /* ProfileViewUI.swift */ = {isa = PBXFileReference; lastKnownFileType = sourcecode.swift; path = ProfileViewUI.swift; sourceTree = "<group>"; };
		AE75BF9627CB1554005E7297 /* ProfilePresenter.swift */ = {isa = PBXFileReference; lastKnownFileType = sourcecode.swift; path = ProfilePresenter.swift; sourceTree = "<group>"; };
		AE75BF9827CB1566005E7297 /* ProfileInteractor.swift */ = {isa = PBXFileReference; lastKnownFileType = sourcecode.swift; path = ProfileInteractor.swift; sourceTree = "<group>"; };
		AE75BF9A27CB1577005E7297 /* ProfileRouter.swift */ = {isa = PBXFileReference; lastKnownFileType = sourcecode.swift; path = ProfileRouter.swift; sourceTree = "<group>"; };
		AE75BF9C27CB158E005E7297 /* ProfileProtocol.swift */ = {isa = PBXFileReference; lastKnownFileType = sourcecode.swift; path = ProfileProtocol.swift; sourceTree = "<group>"; };
		AE75BF9F27CB17FD005E7297 /* MovieDetailMain.swift */ = {isa = PBXFileReference; lastKnownFileType = sourcecode.swift; path = MovieDetailMain.swift; sourceTree = "<group>"; };
		AE75BFA127CB181B005E7297 /* MovieDetailView.swift */ = {isa = PBXFileReference; lastKnownFileType = sourcecode.swift; path = MovieDetailView.swift; sourceTree = "<group>"; };
		AE75BFA327CB182A005E7297 /* MovieDetailViewUI.swift */ = {isa = PBXFileReference; lastKnownFileType = sourcecode.swift; path = MovieDetailViewUI.swift; sourceTree = "<group>"; };
		AE75BFA527CB184F005E7297 /* MovieDetailPresenter.swift */ = {isa = PBXFileReference; lastKnownFileType = sourcecode.swift; path = MovieDetailPresenter.swift; sourceTree = "<group>"; };
		AE75BFA727CB1866005E7297 /* MovieDetailInteractor.swift */ = {isa = PBXFileReference; lastKnownFileType = sourcecode.swift; path = MovieDetailInteractor.swift; sourceTree = "<group>"; };
		AE75BFA927CB1879005E7297 /* MovieDetailRouter.swift */ = {isa = PBXFileReference; lastKnownFileType = sourcecode.swift; path = MovieDetailRouter.swift; sourceTree = "<group>"; };
		AE75BFAB27CB189B005E7297 /* MovieDetailProtocol.swift */ = {isa = PBXFileReference; lastKnownFileType = sourcecode.swift; path = MovieDetailProtocol.swift; sourceTree = "<group>"; };
		AE791E3327CBC10F00CA4946 /* ServiceManager.swift */ = {isa = PBXFileReference; lastKnownFileType = sourcecode.swift; path = ServiceManager.swift; sourceTree = "<group>"; };
/* End PBXFileReference section */

/* Begin PBXFrameworksBuildPhase section */
		AE1A210827C9942500E91E74 /* Frameworks */ = {
			isa = PBXFrameworksBuildPhase;
			buildActionMask = 2147483647;
			files = (
				0EF11F53F3E8465708786DCB /* Pods_MovieApp.framework in Frameworks */,
			);
			runOnlyForDeploymentPostprocessing = 0;
		};
/* End PBXFrameworksBuildPhase section */

/* Begin PBXGroup section */
		41DFD007A6B5EF6BD24F85EE /* Pods */ = {
			isa = PBXGroup;
			children = (
				A8E65793B830B6C39AB41192 /* Pods-MovieApp.debug.xcconfig */,
				5C1BFECC6FE015834E5D6F15 /* Pods-MovieApp.release.xcconfig */,
			);
			path = Pods;
			sourceTree = "<group>";
		};
		841733CAA5C37FB4C6B9464C /* Frameworks */ = {
			isa = PBXGroup;
			children = (
				AD404C3B0C51A21C74AE0118 /* Pods_MovieApp.framework */,
			);
			name = Frameworks;
			sourceTree = "<group>";
		};
		AE180CA627CBDCD100D345AF /* Service */ = {
			isa = PBXGroup;
			children = (
				AE791E3327CBC10F00CA4946 /* ServiceManager.swift */,
				AE180CA727CBDCF400D345AF /* NetworkError.swift */,
				AE180CAB27CBE3C100D345AF /* RequestType.swift */,
				AE180CAD27CBEB1400D345AF /* Serializer.swift */,
				AE180CAF27CBEC7400D345AF /* Deserializer.swift */,
			);
			path = Service;
			sourceTree = "<group>";
		};
		AE180CB127CBFED200D345AF /* MoviesList */ = {
			isa = PBXGroup;
			children = (
				AE180CB427CC01C600D345AF /* MoviesListWebService.swift */,
				AE180CB227CBFEEC00D345AF /* MoviesListResponse.swift */,
				AE180CC327CC260F00D345AF /* Movie.swift */,
			);
			path = MoviesList;
			sourceTree = "<group>";
		};
		AE180CB627CC0A1600D345AF /* MoviesList */ = {
			isa = PBXGroup;
			children = (
				AE180CB727CC0A3C00D345AF /* MoviesListMain.swift */,
				AE180CB927CC0AA500D345AF /* MoviesListView.swift */,
				AE180CBB27CC0AB700D345AF /* MoviesListViewUI.swift */,
				AE49861227C9E73700B4FBC6 /* MoviesListPresenter.swift */,
				AE49861427C9E75600B4FBC6 /* MoviesListInteractor.swift */,
				AE49861627C9E76A00B4FBC6 /* MoviesListRouter.swift */,
				AE180CBD27CC0ACD00D345AF /* MoviesListProtocol.swift */,
			);
			path = MoviesList;
			sourceTree = "<group>";
		};
		AE180CC527CC311B00D345AF /* MovieDetail */ = {
			isa = PBXGroup;
			children = (
				AE180CC827CC337E00D345AF /* MovieDetailWebService.swift */,
				AE180CC627CC313600D345AF /* MovieDetailResponse.swift */,
				AE180CCA27CC364E00D345AF /* MovieDetail.swift */,
			);
			path = MovieDetail;
			sourceTree = "<group>";
		};
		AE180CCE27CC55A900D345AF /* Trailer */ = {
			isa = PBXGroup;
			children = (
				AE180CCF27CC55CC00D345AF /* VideoWebService.swift */,
				AE180CCC27CC532500D345AF /* VideoResponse.swift */,
			);
			path = Trailer;
			sourceTree = "<group>";
		};
		AE1A210227C9942500E91E74 = {
			isa = PBXGroup;
			children = (
				AE1A210D27C9942500E91E74 /* MovieApp */,
				AE1A210C27C9942500E91E74 /* Products */,
				41DFD007A6B5EF6BD24F85EE /* Pods */,
				841733CAA5C37FB4C6B9464C /* Frameworks */,
			);
			sourceTree = "<group>";
		};
		AE1A210C27C9942500E91E74 /* Products */ = {
			isa = PBXGroup;
			children = (
				AE1A210B27C9942500E91E74 /* MovieApp.app */,
			);
			name = Products;
			sourceTree = "<group>";
		};
		AE1A210D27C9942500E91E74 /* MovieApp */ = {
			isa = PBXGroup;
			children = (
				AE1A210E27C9942500E91E74 /* AppDelegate.swift */,
				AE1A211C27C9942700E91E74 /* Info.plist */,
				AE48B5EF27CB44B90029AB12 /* GoogleService-Info.plist */,
				AE1A211927C9942700E91E74 /* LaunchScreen.storyboard */,
				AE75BF7A27CA7F6B005E7297 /* Core */,
				AE1A212227C9946900E91E74 /* Modules */,
				AE1A212327C9947200E91E74 /* Utils */,
			);
			path = MovieApp;
			sourceTree = "<group>";
		};
		AE1A212227C9946900E91E74 /* Modules */ = {
			isa = PBXGroup;
			children = (
				AE1A212427C994EA00E91E74 /* Login */,
				AE75BF7D27CABCC7005E7297 /* SideMenu */,
				AE49860B27C9DE2300B4FBC6 /* Home */,
				AE180CB627CC0A1600D345AF /* MoviesList */,
				AE75BF9E27CB178D005E7297 /* MovieDetail */,
				AE75BF8F27CB14F5005E7297 /* Profile */,
			);
			path = Modules;
			sourceTree = "<group>";
		};
		AE1A212327C9947200E91E74 /* Utils */ = {
			isa = PBXGroup;
			children = (
				AE180CA627CBDCD100D345AF /* Service */,
				AE49861A27C9EB1800B4FBC6 /* Components */,
				AE1A212A27C9985200E91E74 /* Extensions */,
				AE1A211727C9942700E91E74 /* Assets.xcassets */,
			);
			path = Utils;
			sourceTree = "<group>";
		};
		AE1A212427C994EA00E91E74 /* Login */ = {
			isa = PBXGroup;
			children = (
				AE07E69A27C9B4C80041A237 /* LoginMain.swift */,
				AE1A212527C994FD00E91E74 /* LoginView.swift */,
				AE07E69C27C9B4DE0041A237 /* LoginViewUI.swift */,
				AE07E69E27C9B4F40041A237 /* LoginPresenter.swift */,
				AE07E6A027C9B50C0041A237 /* LoginInteractor.swift */,
				AE07E6A227C9B5170041A237 /* LoginRouter.swift */,
				AE07E6A427C9B5250041A237 /* LoginProtocol.swift */,
			);
			path = Login;
			sourceTree = "<group>";
		};
		AE1A212A27C9985200E91E74 /* Extensions */ = {
			isa = PBXGroup;
			children = (
				AE1A212B27C9986D00E91E74 /* UIView+Extension.swift */,
				AE07E6A727C9CA880041A237 /* Bundle+Extension.swift */,
				AE180CA927CBDEEE00D345AF /* URL+Extension.swift */,
				AE180CC127CC1D4E00D345AF /* UIImage+Extension.swift */,
			);
			path = Extensions;
			sourceTree = "<group>";
		};
		AE49860B27C9DE2300B4FBC6 /* Home */ = {
			isa = PBXGroup;
			children = (
				AE49860C27C9E6E600B4FBC6 /* HomeMain.swift */,
				AE49860E27C9E71900B4FBC6 /* HomeView.swift */,
				AE49861027C9E72900B4FBC6 /* HomeViewUI.swift */,
				AE49861827C9E78800B4FBC6 /* HomeProtocol.swift */,
				AE180CBF27CC0D1B00D345AF /* HomePager.swift */,
			);
			path = Home;
			sourceTree = "<group>";
		};
		AE49861A27C9EB1800B4FBC6 /* Components */ = {
			isa = PBXGroup;
			children = (
				AE1A212827C996E300E91E74 /* ColorManager.swift */,
				AE49861D27C9ECCF00B4FBC6 /* NavigationView.swift */,
				AE75BF7627CA6679005E7297 /* TabView.swift */,
				AE75BF7827CA77A8005E7297 /* MovieViewCell.swift */,
				AE48B5F127CB50C50029AB12 /* LoaderView.swift */,
			);
			path = Components;
			sourceTree = "<group>";
		};
		AE75BF7A27CA7F6B005E7297 /* Core */ = {
			isa = PBXGroup;
			children = (
				AE180CB127CBFED200D345AF /* MoviesList */,
				AE180CC527CC311B00D345AF /* MovieDetail */,
				AE180CCE27CC55A900D345AF /* Trailer */,
			);
			path = Core;
			sourceTree = "<group>";
		};
		AE75BF7D27CABCC7005E7297 /* SideMenu */ = {
			isa = PBXGroup;
			children = (
				AE75BF8C27CAD02D005E7297 /* Cell */,
				AE75BF7E27CABCE3005E7297 /* SideMenuMain.swift */,
				AE75BF8027CABD04005E7297 /* SideMenuView.swift */,
				AE75BF8227CABD1D005E7297 /* SideMenuViewUI.swift */,
				AE75BF8427CABD2A005E7297 /* SideMenuPresenter.swift */,
				AE75BF8627CABD3F005E7297 /* SideMenuInteractor.swift */,
				AE75BF8827CABD56005E7297 /* SideMenuRouter.swift */,
				AE75BF8A27CABD79005E7297 /* SideMenuProtocol.swift */,
			);
			path = SideMenu;
			sourceTree = "<group>";
		};
		AE75BF8C27CAD02D005E7297 /* Cell */ = {
			isa = PBXGroup;
			children = (
				AE75BF8D27CAD047005E7297 /* OptionMenuViewCell.swift */,
			);
			path = Cell;
			sourceTree = "<group>";
		};
		AE75BF8F27CB14F5005E7297 /* Profile */ = {
			isa = PBXGroup;
			children = (
				AE75BF9027CB150C005E7297 /* ProfileMain.swift */,
				AE75BF9227CB152A005E7297 /* ProfileView.swift */,
				AE75BF9427CB1544005E7297 /* ProfileViewUI.swift */,
				AE75BF9627CB1554005E7297 /* ProfilePresenter.swift */,
				AE75BF9827CB1566005E7297 /* ProfileInteractor.swift */,
				AE75BF9A27CB1577005E7297 /* ProfileRouter.swift */,
				AE75BF9C27CB158E005E7297 /* ProfileProtocol.swift */,
			);
			path = Profile;
			sourceTree = "<group>";
		};
		AE75BF9E27CB178D005E7297 /* MovieDetail */ = {
			isa = PBXGroup;
			children = (
				AE75BF9F27CB17FD005E7297 /* MovieDetailMain.swift */,
				AE75BFA127CB181B005E7297 /* MovieDetailView.swift */,
				AE75BFA327CB182A005E7297 /* MovieDetailViewUI.swift */,
				AE75BFA527CB184F005E7297 /* MovieDetailPresenter.swift */,
				AE75BFA727CB1866005E7297 /* MovieDetailInteractor.swift */,
				AE75BFA927CB1879005E7297 /* MovieDetailRouter.swift */,
				AE75BFAB27CB189B005E7297 /* MovieDetailProtocol.swift */,
			);
			path = MovieDetail;
			sourceTree = "<group>";
		};
/* End PBXGroup section */

/* Begin PBXNativeTarget section */
		AE1A210A27C9942500E91E74 /* MovieApp */ = {
			isa = PBXNativeTarget;
			buildConfigurationList = AE1A211F27C9942700E91E74 /* Build configuration list for PBXNativeTarget "MovieApp" */;
			buildPhases = (
				4CDBAC595F145729C576FC81 /* [CP] Check Pods Manifest.lock */,
				AE1A210727C9942500E91E74 /* Sources */,
				AE1A210827C9942500E91E74 /* Frameworks */,
				AE1A210927C9942500E91E74 /* Resources */,
				8809EBF9057B316C9CE01D90 /* [CP] Embed Pods Frameworks */,
			);
			buildRules = (
			);
			dependencies = (
			);
			name = MovieApp;
			productName = MovieApp;
			productReference = AE1A210B27C9942500E91E74 /* MovieApp.app */;
			productType = "com.apple.product-type.application";
		};
/* End PBXNativeTarget section */

/* Begin PBXProject section */
		AE1A210327C9942500E91E74 /* Project object */ = {
			isa = PBXProject;
			attributes = {
				BuildIndependentTargetsInParallel = 1;
				LastSwiftUpdateCheck = 1310;
				LastUpgradeCheck = 1310;
				TargetAttributes = {
					AE1A210A27C9942500E91E74 = {
						CreatedOnToolsVersion = 13.1;
					};
				};
			};
			buildConfigurationList = AE1A210627C9942500E91E74 /* Build configuration list for PBXProject "MovieApp" */;
			compatibilityVersion = "Xcode 13.0";
			developmentRegion = en;
			hasScannedForEncodings = 0;
			knownRegions = (
				en,
				Base,
			);
			mainGroup = AE1A210227C9942500E91E74;
			productRefGroup = AE1A210C27C9942500E91E74 /* Products */;
			projectDirPath = "";
			projectRoot = "";
			targets = (
				AE1A210A27C9942500E91E74 /* MovieApp */,
			);
		};
/* End PBXProject section */

/* Begin PBXResourcesBuildPhase section */
		AE1A210927C9942500E91E74 /* Resources */ = {
			isa = PBXResourcesBuildPhase;
			buildActionMask = 2147483647;
			files = (
				AE1A211B27C9942700E91E74 /* LaunchScreen.storyboard in Resources */,
				AE1A211827C9942700E91E74 /* Assets.xcassets in Resources */,
				AE48B5F027CB44B90029AB12 /* GoogleService-Info.plist in Resources */,
			);
			runOnlyForDeploymentPostprocessing = 0;
		};
/* End PBXResourcesBuildPhase section */

/* Begin PBXShellScriptBuildPhase section */
		4CDBAC595F145729C576FC81 /* [CP] Check Pods Manifest.lock */ = {
			isa = PBXShellScriptBuildPhase;
			buildActionMask = 2147483647;
			files = (
			);
			inputFileListPaths = (
			);
			inputPaths = (
				"${PODS_PODFILE_DIR_PATH}/Podfile.lock",
				"${PODS_ROOT}/Manifest.lock",
			);
			name = "[CP] Check Pods Manifest.lock";
			outputFileListPaths = (
			);
			outputPaths = (
				"$(DERIVED_FILE_DIR)/Pods-MovieApp-checkManifestLockResult.txt",
			);
			runOnlyForDeploymentPostprocessing = 0;
			shellPath = /bin/sh;
			shellScript = "diff \"${PODS_PODFILE_DIR_PATH}/Podfile.lock\" \"${PODS_ROOT}/Manifest.lock\" > /dev/null\nif [ $? != 0 ] ; then\n    # print error to STDERR\n    echo \"error: The sandbox is not in sync with the Podfile.lock. Run 'pod install' or update your CocoaPods installation.\" >&2\n    exit 1\nfi\n# This output is used by Xcode 'outputs' to avoid re-running this script phase.\necho \"SUCCESS\" > \"${SCRIPT_OUTPUT_FILE_0}\"\n";
			showEnvVarsInLog = 0;
		};
		8809EBF9057B316C9CE01D90 /* [CP] Embed Pods Frameworks */ = {
			isa = PBXShellScriptBuildPhase;
			buildActionMask = 2147483647;
			files = (
			);
			inputFileListPaths = (
				"${PODS_ROOT}/Target Support Files/Pods-MovieApp/Pods-MovieApp-frameworks-${CONFIGURATION}-input-files.xcfilelist",
			);
			name = "[CP] Embed Pods Frameworks";
			outputFileListPaths = (
				"${PODS_ROOT}/Target Support Files/Pods-MovieApp/Pods-MovieApp-frameworks-${CONFIGURATION}-output-files.xcfilelist",
			);
			runOnlyForDeploymentPostprocessing = 0;
			shellPath = /bin/sh;
			shellScript = "\"${PODS_ROOT}/Target Support Files/Pods-MovieApp/Pods-MovieApp-frameworks.sh\"\n";
			showEnvVarsInLog = 0;
		};
/* End PBXShellScriptBuildPhase section */

/* Begin PBXSourcesBuildPhase section */
		AE1A210727C9942500E91E74 /* Sources */ = {
			isa = PBXSourcesBuildPhase;
			buildActionMask = 2147483647;
			files = (
				AE180CC027CC0D1B00D345AF /* HomePager.swift in Sources */,
				AE1A212927C996E300E91E74 /* ColorManager.swift in Sources */,
				AE1A212627C994FD00E91E74 /* LoginView.swift in Sources */,
				AE791E3427CBC10F00CA4946 /* ServiceManager.swift in Sources */,
				AE49861E27C9ECCF00B4FBC6 /* NavigationView.swift in Sources */,
				AE180CBA27CC0AA500D345AF /* MoviesListView.swift in Sources */,
				AE75BF8E27CAD047005E7297 /* OptionMenuViewCell.swift in Sources */,
				AE180CBE27CC0ACD00D345AF /* MoviesListProtocol.swift in Sources */,
				AE75BFAC27CB189B005E7297 /* MovieDetailProtocol.swift in Sources */,
				AE75BF8527CABD2A005E7297 /* SideMenuPresenter.swift in Sources */,
				AE75BFA427CB182A005E7297 /* MovieDetailViewUI.swift in Sources */,
				AE180CAE27CBEB1400D345AF /* Serializer.swift in Sources */,
				AE75BFA627CB184F005E7297 /* MovieDetailPresenter.swift in Sources */,
				AE180CC427CC260F00D345AF /* Movie.swift in Sources */,
				AE180CB827CC0A3C00D345AF /* MoviesListMain.swift in Sources */,
				AE49860F27C9E71900B4FBC6 /* HomeView.swift in Sources */,
				AE49861527C9E75600B4FBC6 /* MoviesListInteractor.swift in Sources */,
				AE75BF8327CABD1D005E7297 /* SideMenuViewUI.swift in Sources */,
				AE49861327C9E73700B4FBC6 /* MoviesListPresenter.swift in Sources */,
				AE180CBC27CC0AB700D345AF /* MoviesListViewUI.swift in Sources */,
				AE75BF9727CB1554005E7297 /* ProfilePresenter.swift in Sources */,
				AE180CB527CC01C600D345AF /* MoviesListWebService.swift in Sources */,
				AE180CD027CC55CC00D345AF /* VideoWebService.swift in Sources */,
				AE07E69F27C9B4F40041A237 /* LoginPresenter.swift in Sources */,
				AE75BF9B27CB1577005E7297 /* ProfileRouter.swift in Sources */,
				AE07E6A827C9CA880041A237 /* Bundle+Extension.swift in Sources */,
				AE48B5F227CB50C50029AB12 /* LoaderView.swift in Sources */,
				AE75BF9127CB150C005E7297 /* ProfileMain.swift in Sources */,
				AE180CCB27CC364E00D345AF /* MovieDetail.swift in Sources */,
				AE180CC727CC313600D345AF /* MovieDetailResponse.swift in Sources */,
				AE75BF9527CB1544005E7297 /* ProfileViewUI.swift in Sources */,
				AE07E69D27C9B4DE0041A237 /* LoginViewUI.swift in Sources */,
				AE75BF9D27CB158E005E7297 /* ProfileProtocol.swift in Sources */,
				AE49861727C9E76A00B4FBC6 /* MoviesListRouter.swift in Sources */,
				AE180CC927CC337E00D345AF /* MovieDetailWebService.swift in Sources */,
				AE75BF7727CA6679005E7297 /* TabView.swift in Sources */,
				AE75BF8927CABD56005E7297 /* SideMenuRouter.swift in Sources */,
				AE75BF8727CABD3F005E7297 /* SideMenuInteractor.swift in Sources */,
				AE07E6A127C9B50C0041A237 /* LoginInteractor.swift in Sources */,
				AE49861927C9E78900B4FBC6 /* HomeProtocol.swift in Sources */,
				AE75BFA027CB17FD005E7297 /* MovieDetailMain.swift in Sources */,
				AE07E6A327C9B5170041A237 /* LoginRouter.swift in Sources */,
				AE49860D27C9E6E600B4FBC6 /* HomeMain.swift in Sources */,
				AE180CB327CBFEEC00D345AF /* MoviesListResponse.swift in Sources */,
				AE1A212C27C9986D00E91E74 /* UIView+Extension.swift in Sources */,
				AE07E6A527C9B5250041A237 /* LoginProtocol.swift in Sources */,
				AE75BF9327CB152A005E7297 /* ProfileView.swift in Sources */,
				AE75BFA827CB1866005E7297 /* MovieDetailInteractor.swift in Sources */,
				AE75BF9927CB1566005E7297 /* ProfileInteractor.swift in Sources */,
				AE75BF8B27CABD79005E7297 /* SideMenuProtocol.swift in Sources */,
				AE75BF8127CABD04005E7297 /* SideMenuView.swift in Sources */,
				AE180CC227CC1D4E00D345AF /* UIImage+Extension.swift in Sources */,
				AE75BFA227CB181B005E7297 /* MovieDetailView.swift in Sources */,
				AE180CCD27CC532500D345AF /* VideoResponse.swift in Sources */,
				AE07E69B27C9B4C80041A237 /* LoginMain.swift in Sources */,
				AE180CAA27CBDEEE00D345AF /* URL+Extension.swift in Sources */,
				AE180CB027CBEC7400D345AF /* Deserializer.swift in Sources */,
				AE1A210F27C9942500E91E74 /* AppDelegate.swift in Sources */,
				AE75BFAA27CB1879005E7297 /* MovieDetailRouter.swift in Sources */,
				AE180CAC27CBE3C100D345AF /* RequestType.swift in Sources */,
				AE180CA827CBDCF400D345AF /* NetworkError.swift in Sources */,
				AE49861127C9E72900B4FBC6 /* HomeViewUI.swift in Sources */,
				AE75BF7F27CABCE3005E7297 /* SideMenuMain.swift in Sources */,
				AE75BF7927CA77A8005E7297 /* MovieViewCell.swift in Sources */,
			);
			runOnlyForDeploymentPostprocessing = 0;
		};
/* End PBXSourcesBuildPhase section */

/* Begin PBXVariantGroup section */
		AE1A211927C9942700E91E74 /* LaunchScreen.storyboard */ = {
			isa = PBXVariantGroup;
			children = (
				AE1A211A27C9942700E91E74 /* Base */,
			);
			name = LaunchScreen.storyboard;
			sourceTree = "<group>";
		};
/* End PBXVariantGroup section */

/* Begin XCBuildConfiguration section */
		AE1A211D27C9942700E91E74 /* Debug */ = {
			isa = XCBuildConfiguration;
			buildSettings = {
				ALWAYS_SEARCH_USER_PATHS = NO;
				CLANG_ANALYZER_NONNULL = YES;
				CLANG_ANALYZER_NUMBER_OBJECT_CONVERSION = YES_AGGRESSIVE;
				CLANG_CXX_LANGUAGE_STANDARD = "gnu++17";
				CLANG_CXX_LIBRARY = "libc++";
				CLANG_ENABLE_MODULES = YES;
				CLANG_ENABLE_OBJC_ARC = YES;
				CLANG_ENABLE_OBJC_WEAK = YES;
				CLANG_WARN_BLOCK_CAPTURE_AUTORELEASING = YES;
				CLANG_WARN_BOOL_CONVERSION = YES;
				CLANG_WARN_COMMA = YES;
				CLANG_WARN_CONSTANT_CONVERSION = YES;
				CLANG_WARN_DEPRECATED_OBJC_IMPLEMENTATIONS = YES;
				CLANG_WARN_DIRECT_OBJC_ISA_USAGE = YES_ERROR;
				CLANG_WARN_DOCUMENTATION_COMMENTS = YES;
				CLANG_WARN_EMPTY_BODY = YES;
				CLANG_WARN_ENUM_CONVERSION = YES;
				CLANG_WARN_INFINITE_RECURSION = YES;
				CLANG_WARN_INT_CONVERSION = YES;
				CLANG_WARN_NON_LITERAL_NULL_CONVERSION = YES;
				CLANG_WARN_OBJC_IMPLICIT_RETAIN_SELF = YES;
				CLANG_WARN_OBJC_LITERAL_CONVERSION = YES;
				CLANG_WARN_OBJC_ROOT_CLASS = YES_ERROR;
				CLANG_WARN_QUOTED_INCLUDE_IN_FRAMEWORK_HEADER = YES;
				CLANG_WARN_RANGE_LOOP_ANALYSIS = YES;
				CLANG_WARN_STRICT_PROTOTYPES = YES;
				CLANG_WARN_SUSPICIOUS_MOVE = YES;
				CLANG_WARN_UNGUARDED_AVAILABILITY = YES_AGGRESSIVE;
				CLANG_WARN_UNREACHABLE_CODE = YES;
				CLANG_WARN__DUPLICATE_METHOD_MATCH = YES;
				COPY_PHASE_STRIP = NO;
				DEBUG_INFORMATION_FORMAT = dwarf;
				ENABLE_STRICT_OBJC_MSGSEND = YES;
				ENABLE_TESTABILITY = YES;
				GCC_C_LANGUAGE_STANDARD = gnu11;
				GCC_DYNAMIC_NO_PIC = NO;
				GCC_NO_COMMON_BLOCKS = YES;
				GCC_OPTIMIZATION_LEVEL = 0;
				GCC_PREPROCESSOR_DEFINITIONS = (
					"DEBUG=1",
					"$(inherited)",
				);
				GCC_WARN_64_TO_32_BIT_CONVERSION = YES;
				GCC_WARN_ABOUT_RETURN_TYPE = YES_ERROR;
				GCC_WARN_UNDECLARED_SELECTOR = YES;
				GCC_WARN_UNINITIALIZED_AUTOS = YES_AGGRESSIVE;
				GCC_WARN_UNUSED_FUNCTION = YES;
				GCC_WARN_UNUSED_VARIABLE = YES;
				IPHONEOS_DEPLOYMENT_TARGET = 11.0;
				MTL_ENABLE_DEBUG_INFO = INCLUDE_SOURCE;
				MTL_FAST_MATH = YES;
				ONLY_ACTIVE_ARCH = YES;
				SDKROOT = iphoneos;
				SWIFT_ACTIVE_COMPILATION_CONDITIONS = DEBUG;
				SWIFT_OPTIMIZATION_LEVEL = "-Onone";
			};
			name = Debug;
		};
		AE1A211E27C9942700E91E74 /* Release */ = {
			isa = XCBuildConfiguration;
			buildSettings = {
				ALWAYS_SEARCH_USER_PATHS = NO;
				CLANG_ANALYZER_NONNULL = YES;
				CLANG_ANALYZER_NUMBER_OBJECT_CONVERSION = YES_AGGRESSIVE;
				CLANG_CXX_LANGUAGE_STANDARD = "gnu++17";
				CLANG_CXX_LIBRARY = "libc++";
				CLANG_ENABLE_MODULES = YES;
				CLANG_ENABLE_OBJC_ARC = YES;
				CLANG_ENABLE_OBJC_WEAK = YES;
				CLANG_WARN_BLOCK_CAPTURE_AUTORELEASING = YES;
				CLANG_WARN_BOOL_CONVERSION = YES;
				CLANG_WARN_COMMA = YES;
				CLANG_WARN_CONSTANT_CONVERSION = YES;
				CLANG_WARN_DEPRECATED_OBJC_IMPLEMENTATIONS = YES;
				CLANG_WARN_DIRECT_OBJC_ISA_USAGE = YES_ERROR;
				CLANG_WARN_DOCUMENTATION_COMMENTS = YES;
				CLANG_WARN_EMPTY_BODY = YES;
				CLANG_WARN_ENUM_CONVERSION = YES;
				CLANG_WARN_INFINITE_RECURSION = YES;
				CLANG_WARN_INT_CONVERSION = YES;
				CLANG_WARN_NON_LITERAL_NULL_CONVERSION = YES;
				CLANG_WARN_OBJC_IMPLICIT_RETAIN_SELF = YES;
				CLANG_WARN_OBJC_LITERAL_CONVERSION = YES;
				CLANG_WARN_OBJC_ROOT_CLASS = YES_ERROR;
				CLANG_WARN_QUOTED_INCLUDE_IN_FRAMEWORK_HEADER = YES;
				CLANG_WARN_RANGE_LOOP_ANALYSIS = YES;
				CLANG_WARN_STRICT_PROTOTYPES = YES;
				CLANG_WARN_SUSPICIOUS_MOVE = YES;
				CLANG_WARN_UNGUARDED_AVAILABILITY = YES_AGGRESSIVE;
				CLANG_WARN_UNREACHABLE_CODE = YES;
				CLANG_WARN__DUPLICATE_METHOD_MATCH = YES;
				COPY_PHASE_STRIP = NO;
				DEBUG_INFORMATION_FORMAT = "dwarf-with-dsym";
				ENABLE_NS_ASSERTIONS = NO;
				ENABLE_STRICT_OBJC_MSGSEND = YES;
				GCC_C_LANGUAGE_STANDARD = gnu11;
				GCC_NO_COMMON_BLOCKS = YES;
				GCC_WARN_64_TO_32_BIT_CONVERSION = YES;
				GCC_WARN_ABOUT_RETURN_TYPE = YES_ERROR;
				GCC_WARN_UNDECLARED_SELECTOR = YES;
				GCC_WARN_UNINITIALIZED_AUTOS = YES_AGGRESSIVE;
				GCC_WARN_UNUSED_FUNCTION = YES;
				GCC_WARN_UNUSED_VARIABLE = YES;
				IPHONEOS_DEPLOYMENT_TARGET = 11.0;
				MTL_ENABLE_DEBUG_INFO = NO;
				MTL_FAST_MATH = YES;
				SDKROOT = iphoneos;
				SWIFT_COMPILATION_MODE = wholemodule;
				SWIFT_OPTIMIZATION_LEVEL = "-O";
				VALIDATE_PRODUCT = YES;
			};
			name = Release;
		};
		AE1A212027C9942700E91E74 /* Debug */ = {
			isa = XCBuildConfiguration;
			baseConfigurationReference = A8E65793B830B6C39AB41192 /* Pods-MovieApp.debug.xcconfig */;
			buildSettings = {
				ASSETCATALOG_COMPILER_APPICON_NAME = AppIcon;
				ASSETCATALOG_COMPILER_GLOBAL_ACCENT_COLOR_NAME = AccentColor;
				CODE_SIGN_STYLE = Automatic;
				CURRENT_PROJECT_VERSION = 1;
				DEVELOPMENT_TEAM = BAB5CMY748;
				GENERATE_INFOPLIST_FILE = YES;
				INFOPLIST_FILE = MovieApp/Info.plist;
				INFOPLIST_KEY_UIApplicationSupportsIndirectInputEvents = YES;
				INFOPLIST_KEY_UILaunchStoryboardName = LaunchScreen;
				INFOPLIST_KEY_UISupportedInterfaceOrientations = UIInterfaceOrientationPortrait;
				INFOPLIST_KEY_UISupportedInterfaceOrientations_iPad = "UIInterfaceOrientationPortrait UIInterfaceOrientationPortraitUpsideDown UIInterfaceOrientationLandscapeLeft UIInterfaceOrientationLandscapeRight";
				INFOPLIST_KEY_UISupportedInterfaceOrientations_iPhone = "UIInterfaceOrientationPortrait UIInterfaceOrientationLandscapeLeft UIInterfaceOrientationLandscapeRight";
				LD_RUNPATH_SEARCH_PATHS = (
					"$(inherited)",
					"@executable_path/Frameworks",
				);
				MARKETING_VERSION = 1.0;
				PRODUCT_BUNDLE_IDENTIFIER = com.myPortFolio.MovieApp;
				PRODUCT_NAME = "$(TARGET_NAME)";
				SWIFT_EMIT_LOC_STRINGS = YES;
				SWIFT_VERSION = 5.0;
				TARGETED_DEVICE_FAMILY = 1;
			};
			name = Debug;
		};
		AE1A212127C9942700E91E74 /* Release */ = {
			isa = XCBuildConfiguration;
			baseConfigurationReference = 5C1BFECC6FE015834E5D6F15 /* Pods-MovieApp.release.xcconfig */;
			buildSettings = {
				ASSETCATALOG_COMPILER_APPICON_NAME = AppIcon;
				ASSETCATALOG_COMPILER_GLOBAL_ACCENT_COLOR_NAME = AccentColor;
				CODE_SIGN_STYLE = Automatic;
				CURRENT_PROJECT_VERSION = 1;
				DEVELOPMENT_TEAM = BAB5CMY748;
				GENERATE_INFOPLIST_FILE = YES;
				INFOPLIST_FILE = MovieApp/Info.plist;
				INFOPLIST_KEY_UIApplicationSupportsIndirectInputEvents = YES;
				INFOPLIST_KEY_UILaunchStoryboardName = LaunchScreen;
				INFOPLIST_KEY_UISupportedInterfaceOrientations = UIInterfaceOrientationPortrait;
				INFOPLIST_KEY_UISupportedInterfaceOrientations_iPad = "UIInterfaceOrientationPortrait UIInterfaceOrientationPortraitUpsideDown UIInterfaceOrientationLandscapeLeft UIInterfaceOrientationLandscapeRight";
				INFOPLIST_KEY_UISupportedInterfaceOrientations_iPhone = "UIInterfaceOrientationPortrait UIInterfaceOrientationLandscapeLeft UIInterfaceOrientationLandscapeRight";
				LD_RUNPATH_SEARCH_PATHS = (
					"$(inherited)",
					"@executable_path/Frameworks",
				);
				MARKETING_VERSION = 1.0;
				PRODUCT_BUNDLE_IDENTIFIER = com.myPortFolio.MovieApp;
				PRODUCT_NAME = "$(TARGET_NAME)";
				SWIFT_EMIT_LOC_STRINGS = YES;
				SWIFT_VERSION = 5.0;
				TARGETED_DEVICE_FAMILY = 1;
			};
			name = Release;
		};
/* End XCBuildConfiguration section */

/* Begin XCConfigurationList section */
		AE1A210627C9942500E91E74 /* Build configuration list for PBXProject "MovieApp" */ = {
			isa = XCConfigurationList;
			buildConfigurations = (
				AE1A211D27C9942700E91E74 /* Debug */,
				AE1A211E27C9942700E91E74 /* Release */,
			);
			defaultConfigurationIsVisible = 0;
			defaultConfigurationName = Release;
		};
		AE1A211F27C9942700E91E74 /* Build configuration list for PBXNativeTarget "MovieApp" */ = {
			isa = XCConfigurationList;
			buildConfigurations = (
				AE1A212027C9942700E91E74 /* Debug */,
				AE1A212127C9942700E91E74 /* Release */,
			);
			defaultConfigurationIsVisible = 0;
			defaultConfigurationName = Release;
		};
/* End XCConfigurationList section */
	};
	rootObject = AE1A210327C9942500E91E74 /* Project object */;
}
